
Microsoft Visual Studio Solution File, Format Version 12.00
# Visual Studio Version 17
VisualStudioVersion = 17.9.34310.174
MinimumVisualStudioVersion = 10.0.40219.1
Project("{9A19103F-16F7-4668-BE54-9A1E7A4F7556}") = "Ders1", "Ders1\Ders1.csproj", "{D32313D0-1061-4554-BBF2-489EB47F497D}"
EndProject
Project("{9A19103F-16F7-4668-BE54-9A1E7A4F7556}") = "Ders2", "Ders2\Ders2.csproj", "{CF008C25-EF47-4F06-AE60-7156CDCFD8AF}"
EndProject
Project("{9A19103F-16F7-4668-BE54-9A1E7A4F7556}") = "Ders3", "Ders3\Ders3.csproj", "{E80C39AE-0EAC-4E44-992D-35FBD7A538B1}"
EndProject
Project("{9A19103F-16F7-4668-BE54-9A1E7A4F7556}") = "Ders4", "Ders4\Ders4.csproj", "{EFF01EDF-F6FD-404E-BE38-BD0579991ECC}"
EndProject
Project("{9A19103F-16F7-4668-BE54-9A1E7A4F7556}") = "Ders5", "Ders5\Ders5.csproj", "{33F023E5-4CE7-42D2-95FC-285F13B9093B}"
EndProject
Project("{9A19103F-16F7-4668-BE54-9A1E7A4F7556}") = "Ders6", "Ders6\Ders6.csproj", "{3E4BCBE0-94EE-49E4-A997-4F622EF88F88}"
EndProject
Project("{9A19103F-16F7-4668-BE54-9A1E7A4F7556}") = "Ders7", "Ders7\Ders7.csproj", "{ADB1B892-849F-497E-B099-6F5318BD725C}"
EndProject
Project("{9A19103F-16F7-4668-BE54-9A1E7A4F7556}") = "Ders8", "Ders8\Ders8.csproj", "{56CB8A17-D339-48C4-AE35-A2C1B4AC0712}"
EndProject
Project("{FAE04EC0-301F-11D3-BF4B-00C04F79EFBC}") = "Ders9", "Ders9\Ders9.csproj", "{799F3CBB-4F24-4C97-9EB3-5C6457B0CD16}"
EndProject
Global
	GlobalSection(SolutionConfigurationPlatforms) = preSolution
		Debug|Any CPU = Debug|Any CPU
		Release|Any CPU = Release|Any CPU
	EndGlobalSection
	GlobalSection(ProjectConfigurationPlatforms) = postSolution
		{D32313D0-1061-4554-BBF2-489EB47F497D}.Debug|Any CPU.ActiveCfg = Debug|Any CPU
		{D32313D0-1061-4554-BBF2-489EB47F497D}.Debug|Any CPU.Build.0 = Debug|Any CPU
		{D32313D0-1061-4554-BBF2-489EB47F497D}.Release|Any CPU.ActiveCfg = Release|Any CPU
		{D32313D0-1061-4554-BBF2-489EB47F497D}.Release|Any CPU.Build.0 = Release|Any CPU
		{CF008C25-EF47-4F06-AE60-7156CDCFD8AF}.Debug|Any CPU.ActiveCfg = Debug|Any CPU
		{CF008C25-EF47-4F06-AE60-7156CDCFD8AF}.Debug|Any CPU.Build.0 = Debug|Any CPU
		{CF008C25-EF47-4F06-AE60-7156CDCFD8AF}.Release|Any CPU.ActiveCfg = Release|Any CPU
		{CF008C25-EF47-4F06-AE60-7156CDCFD8AF}.Release|Any CPU.Build.0 = Release|Any CPU
		{E80C39AE-0EAC-4E44-992D-35FBD7A538B1}.Debug|Any CPU.ActiveCfg = Debug|Any CPU
		{E80C39AE-0EAC-4E44-992D-35FBD7A538B1}.Debug|Any CPU.Build.0 = Debug|Any CPU
		{E80C39AE-0EAC-4E44-992D-35FBD7A538B1}.Release|Any CPU.ActiveCfg = Release|Any CPU
		{E80C39AE-0EAC-4E44-992D-35FBD7A538B1}.Release|Any CPU.Build.0 = Release|Any CPU
		{EFF01EDF-F6FD-404E-BE38-BD0579991ECC}.Debug|Any CPU.ActiveCfg = Debug|Any CPU
		{EFF01EDF-F6FD-404E-BE38-BD0579991ECC}.Debug|Any CPU.Build.0 = Debug|Any CPU
		{EFF01EDF-F6FD-404E-BE38-BD0579991ECC}.Release|Any CPU.ActiveCfg = Release|Any CPU
		{EFF01EDF-F6FD-404E-BE38-BD0579991ECC}.Release|Any CPU.Build.0 = Release|Any CPU
		{33F023E5-4CE7-42D2-95FC-285F13B9093B}.Debug|Any CPU.ActiveCfg = Debug|Any CPU
		{33F023E5-4CE7-42D2-95FC-285F13B9093B}.Debug|Any CPU.Build.0 = Debug|Any CPU
		{33F023E5-4CE7-42D2-95FC-285F13B9093B}.Release|Any CPU.ActiveCfg = Release|Any CPU
		{33F023E5-4CE7-42D2-95FC-285F13B9093B}.Release|Any CPU.Build.0 = Release|Any CPU
		{3E4BCBE0-94EE-49E4-A997-4F622EF88F88}.Debug|Any CPU.ActiveCfg = Debug|Any CPU
		{3E4BCBE0-94EE-49E4-A997-4F622EF88F88}.Debug|Any CPU.Build.0 = Debug|Any CPU
		{3E4BCBE0-94EE-49E4-A997-4F622EF88F88}.Release|Any CPU.ActiveCfg = Release|Any CPU
		{3E4BCBE0-94EE-49E4-A997-4F622EF88F88}.Release|Any CPU.Build.0 = Release|Any CPU
		{ADB1B892-849F-497E-B099-6F5318BD725C}.Debug|Any CPU.ActiveCfg = Debug|Any CPU
		{ADB1B892-849F-497E-B099-6F5318BD725C}.Debug|Any CPU.Build.0 = Debug|Any CPU
		{ADB1B892-849F-497E-B099-6F5318BD725C}.Release|Any CPU.ActiveCfg = Release|Any CPU
		{ADB1B892-849F-497E-B099-6F5318BD725C}.Release|Any CPU.Build.0 = Release|Any CPU
		{56CB8A17-D339-48C4-AE35-A2C1B4AC0712}.Debug|Any CPU.ActiveCfg = Debug|Any CPU
		{56CB8A17-D339-48C4-AE35-A2C1B4AC0712}.Debug|Any CPU.Build.0 = Debug|Any CPU
		{56CB8A17-D339-48C4-AE35-A2C1B4AC0712}.Release|Any CPU.ActiveCfg = Release|Any CPU
		{56CB8A17-D339-48C4-AE35-A2C1B4AC0712}.Release|Any CPU.Build.0 = Release|Any CPU
		{799F3CBB-4F24-4C97-9EB3-5C6457B0CD16}.Debug|Any CPU.ActiveCfg = Debug|Any CPU
		{799F3CBB-4F24-4C97-9EB3-5C6457B0CD16}.Debug|Any CPU.Build.0 = Debug|Any CPU
		{799F3CBB-4F24-4C97-9EB3-5C6457B0CD16}.Release|Any CPU.ActiveCfg = Release|Any CPU
		{799F3CBB-4F24-4C97-9EB3-5C6457B0CD16}.Release|Any CPU.Build.0 = Release|Any CPU
	EndGlobalSection
	GlobalSection(SolutionProperties) = preSolution
		HideSolutionNode = FALSE
	EndGlobalSection
	GlobalSection(ExtensibilityGlobals) = postSolution
		SolutionGuid = {4E57BEC9-F90B-4B99-A2DE-9120B204042E}
	EndGlobalSection
EndGlobal
