
Microsoft Visual Studio Solution File, Format Version 12.00
# Visual Studio Version 17
VisualStudioVersion = 17.9.34310.174
MinimumVisualStudioVersion = 10.0.40219.1
Project("{9A19103F-16F7-4668-BE54-9A1E7A4F7556}") = "Ders10", "Ders10\Ders10.csproj", "{DD81A0B9-1D1E-4B64-B289-B69659213F92}"
EndProject
Project("{9A19103F-16F7-4668-BE54-9A1E7A4F7556}") = "Ders01", "Ders01\Ders01.csproj", "{43171D05-D9DF-412D-AF6B-2946755DCD9D}"
EndProject
Project("{9A19103F-16F7-4668-BE54-9A1E7A4F7556}") = "Ders02", "Ders02\Ders02.csproj", "{61FE3703-0948-449A-ADCD-33E9058C36DC}"
EndProject
Project("{9A19103F-16F7-4668-BE54-9A1E7A4F7556}") = "Ders03", "Ders03\Ders03.csproj", "{911E8250-83BC-456D-9FC0-9736DDBF4F85}"
EndProject
Project("{9A19103F-16F7-4668-BE54-9A1E7A4F7556}") = "Ders04", "Ders04\Ders04.csproj", "{25550590-A666-421B-BEE6-94C53A3FBF95}"
EndProject
Project("{9A19103F-16F7-4668-BE54-9A1E7A4F7556}") = "Ders05", "Ders05\Ders05.csproj", "{66BA40EA-3E72-4DF2-B972-C6D22572A0D7}"
EndProject
Project("{9A19103F-16F7-4668-BE54-9A1E7A4F7556}") = "Ders06", "Ders06\Ders06.csproj", "{1E251EB8-AB20-4114-BF08-89586656B76E}"
EndProject
Project("{9A19103F-16F7-4668-BE54-9A1E7A4F7556}") = "Ders07", "Ders07\Ders07.csproj", "{2DFD5F79-CDE6-4616-8EF7-A6E2978C5C3D}"
EndProject
Project("{9A19103F-16F7-4668-BE54-9A1E7A4F7556}") = "Ders08", "Ders08\Ders08.csproj", "{EE66A648-664F-4294-B74B-9992F08C9946}"
EndProject
Project("{9A19103F-16F7-4668-BE54-9A1E7A4F7556}") = "Ders09", "Ders09\Ders09.csproj", "{2A45FA61-C37E-41DA-AA0F-203F05400947}"
EndProject
Project("{9A19103F-16F7-4668-BE54-9A1E7A4F7556}") = "Ders11", "Ders11\Ders11.csproj", "{52A3F19B-BB3C-4424-8511-29732D301629}"
EndProject
Project("{9A19103F-16F7-4668-BE54-9A1E7A4F7556}") = "Ders12", "Ders12\Ders12.csproj", "{3BDF27C6-5200-4A15-8132-92CEF14F6408}"
EndProject
Project("{9A19103F-16F7-4668-BE54-9A1E7A4F7556}") = "Ders13", "Ders13\Ders13.csproj", "{A748375E-DB5E-4570-87AF-F08280AC873A}"
EndProject
Project("{9A19103F-16F7-4668-BE54-9A1E7A4F7556}") = "Ders14", "Ders14\Ders14.csproj", "{5F7E86AB-6527-4456-B686-73A3D3057377}"
EndProject
Project("{9A19103F-16F7-4668-BE54-9A1E7A4F7556}") = "Ders15", "Ders15\Ders15.csproj", "{1E966478-8C53-4CA7-8925-09F7BBFB78E5}"
EndProject
Project("{9A19103F-16F7-4668-BE54-9A1E7A4F7556}") = "Ders16", "Ders16\Ders16.csproj", "{41603F02-A256-43D9-92E7-2BFC210C0ECA}"
EndProject
Project("{9A19103F-16F7-4668-BE54-9A1E7A4F7556}") = "Ders17", "Ders17\Ders17.csproj", "{2F3800DA-90B9-4766-82B6-B21117382C44}"
EndProject
Project("{9A19103F-16F7-4668-BE54-9A1E7A4F7556}") = "Ders18", "Ders18\Ders18.csproj", "{9C43BD26-922B-448F-B173-DC2D8C908F78}"
EndProject
Project("{9A19103F-16F7-4668-BE54-9A1E7A4F7556}") = "Ders19", "Ders19\Ders19.csproj", "{D3CDE4AE-67DF-4246-91F5-203583D86E9A}"
EndProject
Project("{9A19103F-16F7-4668-BE54-9A1E7A4F7556}") = "Ders20", "Ders20\Ders20.csproj", "{ED55C6EB-43CA-48EF-B779-534B41ACDC29}"
EndProject
Project("{9A19103F-16F7-4668-BE54-9A1E7A4F7556}") = "Ders21", "Ders21\Ders21.csproj", "{67693B73-F19F-49C2-B828-F31E06DFF387}"
EndProject
Project("{9A19103F-16F7-4668-BE54-9A1E7A4F7556}") = "Ders22", "Ders22\Ders22.csproj", "{8D057052-A3BB-403B-9FE8-3032112B126C}"
EndProject
Project("{FAE04EC0-301F-11D3-BF4B-00C04F79EFBC}") = "Ders23", "Ders23\Ders23.csproj", "{A9E2C677-2D0B-43FB-9C9D-580A7E465D6F}"
EndProject
Project("{FAE04EC0-301F-11D3-BF4B-00C04F79EFBC}") = "Ders24", "Ders24\Ders24.csproj", "{2D4EDD79-70B0-485E-A746-8AB6814A9A9A}"
EndProject
Global
	GlobalSection(SolutionConfigurationPlatforms) = preSolution
		Debug|Any CPU = Debug|Any CPU
		Release|Any CPU = Release|Any CPU
	EndGlobalSection
	GlobalSection(ProjectConfigurationPlatforms) = postSolution
		{DD81A0B9-1D1E-4B64-B289-B69659213F92}.Debug|Any CPU.ActiveCfg = Debug|Any CPU
		{DD81A0B9-1D1E-4B64-B289-B69659213F92}.Debug|Any CPU.Build.0 = Debug|Any CPU
		{DD81A0B9-1D1E-4B64-B289-B69659213F92}.Release|Any CPU.ActiveCfg = Release|Any CPU
		{DD81A0B9-1D1E-4B64-B289-B69659213F92}.Release|Any CPU.Build.0 = Release|Any CPU
		{43171D05-D9DF-412D-AF6B-2946755DCD9D}.Debug|Any CPU.ActiveCfg = Debug|Any CPU
		{43171D05-D9DF-412D-AF6B-2946755DCD9D}.Debug|Any CPU.Build.0 = Debug|Any CPU
		{43171D05-D9DF-412D-AF6B-2946755DCD9D}.Release|Any CPU.ActiveCfg = Release|Any CPU
		{43171D05-D9DF-412D-AF6B-2946755DCD9D}.Release|Any CPU.Build.0 = Release|Any CPU
		{61FE3703-0948-449A-ADCD-33E9058C36DC}.Debug|Any CPU.ActiveCfg = Debug|Any CPU
		{61FE3703-0948-449A-ADCD-33E9058C36DC}.Debug|Any CPU.Build.0 = Debug|Any CPU
		{61FE3703-0948-449A-ADCD-33E9058C36DC}.Release|Any CPU.ActiveCfg = Release|Any CPU
		{61FE3703-0948-449A-ADCD-33E9058C36DC}.Release|Any CPU.Build.0 = Release|Any CPU
		{911E8250-83BC-456D-9FC0-9736DDBF4F85}.Debug|Any CPU.ActiveCfg = Debug|Any CPU
		{911E8250-83BC-456D-9FC0-9736DDBF4F85}.Debug|Any CPU.Build.0 = Debug|Any CPU
		{911E8250-83BC-456D-9FC0-9736DDBF4F85}.Release|Any CPU.ActiveCfg = Release|Any CPU
		{911E8250-83BC-456D-9FC0-9736DDBF4F85}.Release|Any CPU.Build.0 = Release|Any CPU
		{25550590-A666-421B-BEE6-94C53A3FBF95}.Debug|Any CPU.ActiveCfg = Debug|Any CPU
		{25550590-A666-421B-BEE6-94C53A3FBF95}.Debug|Any CPU.Build.0 = Debug|Any CPU
		{25550590-A666-421B-BEE6-94C53A3FBF95}.Release|Any CPU.ActiveCfg = Release|Any CPU
		{25550590-A666-421B-BEE6-94C53A3FBF95}.Release|Any CPU.Build.0 = Release|Any CPU
		{66BA40EA-3E72-4DF2-B972-C6D22572A0D7}.Debug|Any CPU.ActiveCfg = Debug|Any CPU
		{66BA40EA-3E72-4DF2-B972-C6D22572A0D7}.Debug|Any CPU.Build.0 = Debug|Any CPU
		{66BA40EA-3E72-4DF2-B972-C6D22572A0D7}.Release|Any CPU.ActiveCfg = Release|Any CPU
		{66BA40EA-3E72-4DF2-B972-C6D22572A0D7}.Release|Any CPU.Build.0 = Release|Any CPU
		{1E251EB8-AB20-4114-BF08-89586656B76E}.Debug|Any CPU.ActiveCfg = Debug|Any CPU
		{1E251EB8-AB20-4114-BF08-89586656B76E}.Debug|Any CPU.Build.0 = Debug|Any CPU
		{1E251EB8-AB20-4114-BF08-89586656B76E}.Release|Any CPU.ActiveCfg = Release|Any CPU
		{1E251EB8-AB20-4114-BF08-89586656B76E}.Release|Any CPU.Build.0 = Release|Any CPU
		{2DFD5F79-CDE6-4616-8EF7-A6E2978C5C3D}.Debug|Any CPU.ActiveCfg = Debug|Any CPU
		{2DFD5F79-CDE6-4616-8EF7-A6E2978C5C3D}.Debug|Any CPU.Build.0 = Debug|Any CPU
		{2DFD5F79-CDE6-4616-8EF7-A6E2978C5C3D}.Release|Any CPU.ActiveCfg = Release|Any CPU
		{2DFD5F79-CDE6-4616-8EF7-A6E2978C5C3D}.Release|Any CPU.Build.0 = Release|Any CPU
		{EE66A648-664F-4294-B74B-9992F08C9946}.Debug|Any CPU.ActiveCfg = Debug|Any CPU
		{EE66A648-664F-4294-B74B-9992F08C9946}.Debug|Any CPU.Build.0 = Debug|Any CPU
		{EE66A648-664F-4294-B74B-9992F08C9946}.Release|Any CPU.ActiveCfg = Release|Any CPU
		{EE66A648-664F-4294-B74B-9992F08C9946}.Release|Any CPU.Build.0 = Release|Any CPU
		{2A45FA61-C37E-41DA-AA0F-203F05400947}.Debug|Any CPU.ActiveCfg = Debug|Any CPU
		{2A45FA61-C37E-41DA-AA0F-203F05400947}.Debug|Any CPU.Build.0 = Debug|Any CPU
		{2A45FA61-C37E-41DA-AA0F-203F05400947}.Release|Any CPU.ActiveCfg = Release|Any CPU
		{2A45FA61-C37E-41DA-AA0F-203F05400947}.Release|Any CPU.Build.0 = Release|Any CPU
		{52A3F19B-BB3C-4424-8511-29732D301629}.Debug|Any CPU.ActiveCfg = Debug|Any CPU
		{52A3F19B-BB3C-4424-8511-29732D301629}.Debug|Any CPU.Build.0 = Debug|Any CPU
		{52A3F19B-BB3C-4424-8511-29732D301629}.Release|Any CPU.ActiveCfg = Release|Any CPU
		{52A3F19B-BB3C-4424-8511-29732D301629}.Release|Any CPU.Build.0 = Release|Any CPU
		{3BDF27C6-5200-4A15-8132-92CEF14F6408}.Debug|Any CPU.ActiveCfg = Debug|Any CPU
		{3BDF27C6-5200-4A15-8132-92CEF14F6408}.Debug|Any CPU.Build.0 = Debug|Any CPU
		{3BDF27C6-5200-4A15-8132-92CEF14F6408}.Release|Any CPU.ActiveCfg = Release|Any CPU
		{3BDF27C6-5200-4A15-8132-92CEF14F6408}.Release|Any CPU.Build.0 = Release|Any CPU
		{A748375E-DB5E-4570-87AF-F08280AC873A}.Debug|Any CPU.ActiveCfg = Debug|Any CPU
		{A748375E-DB5E-4570-87AF-F08280AC873A}.Debug|Any CPU.Build.0 = Debug|Any CPU
		{A748375E-DB5E-4570-87AF-F08280AC873A}.Release|Any CPU.ActiveCfg = Release|Any CPU
		{A748375E-DB5E-4570-87AF-F08280AC873A}.Release|Any CPU.Build.0 = Release|Any CPU
		{5F7E86AB-6527-4456-B686-73A3D3057377}.Debug|Any CPU.ActiveCfg = Debug|Any CPU
		{5F7E86AB-6527-4456-B686-73A3D3057377}.Debug|Any CPU.Build.0 = Debug|Any CPU
		{5F7E86AB-6527-4456-B686-73A3D3057377}.Release|Any CPU.ActiveCfg = Release|Any CPU
		{5F7E86AB-6527-4456-B686-73A3D3057377}.Release|Any CPU.Build.0 = Release|Any CPU
		{1E966478-8C53-4CA7-8925-09F7BBFB78E5}.Debug|Any CPU.ActiveCfg = Debug|Any CPU
		{1E966478-8C53-4CA7-8925-09F7BBFB78E5}.Debug|Any CPU.Build.0 = Debug|Any CPU
		{1E966478-8C53-4CA7-8925-09F7BBFB78E5}.Release|Any CPU.ActiveCfg = Release|Any CPU
		{1E966478-8C53-4CA7-8925-09F7BBFB78E5}.Release|Any CPU.Build.0 = Release|Any CPU
		{41603F02-A256-43D9-92E7-2BFC210C0ECA}.Debug|Any CPU.ActiveCfg = Debug|Any CPU
		{41603F02-A256-43D9-92E7-2BFC210C0ECA}.Debug|Any CPU.Build.0 = Debug|Any CPU
		{41603F02-A256-43D9-92E7-2BFC210C0ECA}.Release|Any CPU.ActiveCfg = Release|Any CPU
		{41603F02-A256-43D9-92E7-2BFC210C0ECA}.Release|Any CPU.Build.0 = Release|Any CPU
		{2F3800DA-90B9-4766-82B6-B21117382C44}.Debug|Any CPU.ActiveCfg = Debug|Any CPU
		{2F3800DA-90B9-4766-82B6-B21117382C44}.Debug|Any CPU.Build.0 = Debug|Any CPU
		{2F3800DA-90B9-4766-82B6-B21117382C44}.Release|Any CPU.ActiveCfg = Release|Any CPU
		{2F3800DA-90B9-4766-82B6-B21117382C44}.Release|Any CPU.Build.0 = Release|Any CPU
		{9C43BD26-922B-448F-B173-DC2D8C908F78}.Debug|Any CPU.ActiveCfg = Debug|Any CPU
		{9C43BD26-922B-448F-B173-DC2D8C908F78}.Debug|Any CPU.Build.0 = Debug|Any CPU
		{9C43BD26-922B-448F-B173-DC2D8C908F78}.Release|Any CPU.ActiveCfg = Release|Any CPU
		{9C43BD26-922B-448F-B173-DC2D8C908F78}.Release|Any CPU.Build.0 = Release|Any CPU
		{D3CDE4AE-67DF-4246-91F5-203583D86E9A}.Debug|Any CPU.ActiveCfg = Debug|Any CPU
		{D3CDE4AE-67DF-4246-91F5-203583D86E9A}.Debug|Any CPU.Build.0 = Debug|Any CPU
		{D3CDE4AE-67DF-4246-91F5-203583D86E9A}.Release|Any CPU.ActiveCfg = Release|Any CPU
		{D3CDE4AE-67DF-4246-91F5-203583D86E9A}.Release|Any CPU.Build.0 = Release|Any CPU
		{ED55C6EB-43CA-48EF-B779-534B41ACDC29}.Debug|Any CPU.ActiveCfg = Debug|Any CPU
		{ED55C6EB-43CA-48EF-B779-534B41ACDC29}.Debug|Any CPU.Build.0 = Debug|Any CPU
		{ED55C6EB-43CA-48EF-B779-534B41ACDC29}.Release|Any CPU.ActiveCfg = Release|Any CPU
		{ED55C6EB-43CA-48EF-B779-534B41ACDC29}.Release|Any CPU.Build.0 = Release|Any CPU
		{67693B73-F19F-49C2-B828-F31E06DFF387}.Debug|Any CPU.ActiveCfg = Debug|Any CPU
		{67693B73-F19F-49C2-B828-F31E06DFF387}.Debug|Any CPU.Build.0 = Debug|Any CPU
		{67693B73-F19F-49C2-B828-F31E06DFF387}.Release|Any CPU.ActiveCfg = Release|Any CPU
		{67693B73-F19F-49C2-B828-F31E06DFF387}.Release|Any CPU.Build.0 = Release|Any CPU
		{8D057052-A3BB-403B-9FE8-3032112B126C}.Debug|Any CPU.ActiveCfg = Debug|Any CPU
		{8D057052-A3BB-403B-9FE8-3032112B126C}.Debug|Any CPU.Build.0 = Debug|Any CPU
		{8D057052-A3BB-403B-9FE8-3032112B126C}.Release|Any CPU.ActiveCfg = Release|Any CPU
		{8D057052-A3BB-403B-9FE8-3032112B126C}.Release|Any CPU.Build.0 = Release|Any CPU
		{A9E2C677-2D0B-43FB-9C9D-580A7E465D6F}.Debug|Any CPU.ActiveCfg = Debug|Any CPU
		{A9E2C677-2D0B-43FB-9C9D-580A7E465D6F}.Debug|Any CPU.Build.0 = Debug|Any CPU
		{A9E2C677-2D0B-43FB-9C9D-580A7E465D6F}.Release|Any CPU.ActiveCfg = Release|Any CPU
		{A9E2C677-2D0B-43FB-9C9D-580A7E465D6F}.Release|Any CPU.Build.0 = Release|Any CPU
		{2D4EDD79-70B0-485E-A746-8AB6814A9A9A}.Debug|Any CPU.ActiveCfg = Debug|Any CPU
		{2D4EDD79-70B0-485E-A746-8AB6814A9A9A}.Debug|Any CPU.Build.0 = Debug|Any CPU
		{2D4EDD79-70B0-485E-A746-8AB6814A9A9A}.Release|Any CPU.ActiveCfg = Release|Any CPU
		{2D4EDD79-70B0-485E-A746-8AB6814A9A9A}.Release|Any CPU.Build.0 = Release|Any CPU
	EndGlobalSection
	GlobalSection(SolutionProperties) = preSolution
		HideSolutionNode = FALSE
	EndGlobalSection
	GlobalSection(ExtensibilityGlobals) = postSolution
		SolutionGuid = {4E57BEC9-F90B-4B99-A2DE-9120B204042E}
	EndGlobalSection
EndGlobal
